
Microsoft Visual Studio Solution File, Format Version 12.00
# Visual Studio 2015
Project("{FAE04EC0-301F-11D3-BF4B-00C04F79EFBC}") = "VirtualAnnotator.CSharp", "VirtualAnnotator.CSharp.csproj", "{803CAC78-F970-564B-951C-9A445F5A7280}"
EndProject
Project("{FAE04EC0-301F-11D3-BF4B-00C04F79EFBC}") = "VirtualAnnotator.CSharp.Editor", "VirtualAnnotator.CSharp.Editor.csproj", "{620B1E6A-8555-94D1-A85F-32D7280A8AE2}"
EndProject
Global
	GlobalSection(SolutionConfigurationPlatforms) = preSolution
		Debug|Any CPU = Debug|Any CPU
		Release|Any CPU = Release|Any CPU
	EndGlobalSection
	GlobalSection(ProjectConfigurationPlatforms) = postSolution
		{803CAC78-F970-564B-951C-9A445F5A7280}.Debug|Any CPU.ActiveCfg = Debug|Any CPU
		{803CAC78-F970-564B-951C-9A445F5A7280}.Debug|Any CPU.Build.0 = Debug|Any CPU
		{803CAC78-F970-564B-951C-9A445F5A7280}.Release|Any CPU.ActiveCfg = Release|Any CPU
		{803CAC78-F970-564B-951C-9A445F5A7280}.Release|Any CPU.Build.0 = Release|Any CPU
		{620B1E6A-8555-94D1-A85F-32D7280A8AE2}.Debug|Any CPU.ActiveCfg = Debug|Any CPU
		{620B1E6A-8555-94D1-A85F-32D7280A8AE2}.Debug|Any CPU.Build.0 = Debug|Any CPU
		{620B1E6A-8555-94D1-A85F-32D7280A8AE2}.Release|Any CPU.ActiveCfg = Release|Any CPU
		{620B1E6A-8555-94D1-A85F-32D7280A8AE2}.Release|Any CPU.Build.0 = Release|Any CPU
	EndGlobalSection
	GlobalSection(SolutionProperties) = preSolution
		HideSolutionNode = FALSE
	EndGlobalSection
EndGlobal
